
Microsoft Visual Studio Solution File, Format Version 12.00
# Visual Studio 15
VisualStudioVersion = 15.0.27004.2002
MinimumVisualStudioVersion = 10.0.40219.1
Project("{9A19103F-16F7-4668-BE54-9A1E7A4F7556}") = "OYASAR.Penguin.Core", "OYASAR.Penguin.Core\OYASAR.Penguin.Core.csproj", "{6C2FD7F9-6001-41C9-A2E9-7F03503E4FBB}"
EndProject
Project("{9A19103F-16F7-4668-BE54-9A1E7A4F7556}") = "OYASAR.Penguin.Api", "OYASAR.Penguin.Api\OYASAR.Penguin.Api.csproj", "{8C915991-9247-4394-81A5-B12E63CF26DA}"
EndProject
Project("{E53339B2-1760-4266-BCC7-CA923CBCF16C}") = "docker-compose", "docker-compose.dcproj", "{1C471451-4F0A-4087-9FE1-020F27474678}"
EndProject
Project("{9A19103F-16F7-4668-BE54-9A1E7A4F7556}") = "OYASAR.Penguin.Business", "OYASAR.Penguin.Business\OYASAR.Penguin.Business.csproj", "{E74522BF-08CC-4815-930E-187A367B6967}"
EndProject
Project("{2150E333-8FDC-42A3-9474-1A3956D46DE8}") = "0.Infrastructre", "0.Infrastructre", "{482852A8-734A-47F9-9B8D-FA4D9711341A}"
EndProject
Project("{2150E333-8FDC-42A3-9474-1A3956D46DE8}") = "1.Api", "1.Api", "{1543B739-84EC-420B-BF5D-14BF8EF20623}"
EndProject
Project("{9A19103F-16F7-4668-BE54-9A1E7A4F7556}") = "OYASAR.Penguin.Admin", "OYASAR.Penguin.Admin\OYASAR.Penguin.Admin.csproj", "{D0789D90-FE66-4CCC-9DC7-46059187D8C1}"
EndProject
Project("{2150E333-8FDC-42A3-9474-1A3956D46DE8}") = "2.Docker", "2.Docker", "{FF293F2A-D91B-4717-8CDF-2C482D196468}"
EndProject
Project("{9A19103F-16F7-4668-BE54-9A1E7A4F7556}") = "OYASAR.Penguin.Repository", "OYASAR.Penguin.Repository\OYASAR.Penguin.Repository.csproj", "{091FEB68-8265-4B83-95AF-5B4EB943CC2E}"
EndProject
Project("{9A19103F-16F7-4668-BE54-9A1E7A4F7556}") = "OYASAR.Penguin.Repository.Core", "OYASAR.Penguin.Repository.Core\OYASAR.Penguin.Repository.Core.csproj", "{68B16B6F-CA35-48D9-990B-E759730F4093}"
EndProject
Project("{FAE04EC0-301F-11D3-BF4B-00C04F79EFBC}") = "OYASAR.Penguin.Repository.Data", "OYASAR.Penguin.Repository.Data\OYASAR.Penguin.Repository.Data.csproj", "{D1C5B189-E878-49C4-8319-A150BA1421A8}"
EndProject
Global
	GlobalSection(SolutionConfigurationPlatforms) = preSolution
		Debug|Any CPU = Debug|Any CPU
		Release|Any CPU = Release|Any CPU
	EndGlobalSection
	GlobalSection(ProjectConfigurationPlatforms) = postSolution
		{6C2FD7F9-6001-41C9-A2E9-7F03503E4FBB}.Debug|Any CPU.ActiveCfg = Debug|Any CPU
		{6C2FD7F9-6001-41C9-A2E9-7F03503E4FBB}.Debug|Any CPU.Build.0 = Debug|Any CPU
		{6C2FD7F9-6001-41C9-A2E9-7F03503E4FBB}.Release|Any CPU.ActiveCfg = Release|Any CPU
		{6C2FD7F9-6001-41C9-A2E9-7F03503E4FBB}.Release|Any CPU.Build.0 = Release|Any CPU
		{8C915991-9247-4394-81A5-B12E63CF26DA}.Debug|Any CPU.ActiveCfg = Debug|Any CPU
		{8C915991-9247-4394-81A5-B12E63CF26DA}.Debug|Any CPU.Build.0 = Debug|Any CPU
		{8C915991-9247-4394-81A5-B12E63CF26DA}.Release|Any CPU.ActiveCfg = Release|Any CPU
		{8C915991-9247-4394-81A5-B12E63CF26DA}.Release|Any CPU.Build.0 = Release|Any CPU
		{1C471451-4F0A-4087-9FE1-020F27474678}.Debug|Any CPU.ActiveCfg = Debug|Any CPU
		{1C471451-4F0A-4087-9FE1-020F27474678}.Debug|Any CPU.Build.0 = Debug|Any CPU
		{1C471451-4F0A-4087-9FE1-020F27474678}.Release|Any CPU.ActiveCfg = Release|Any CPU
		{1C471451-4F0A-4087-9FE1-020F27474678}.Release|Any CPU.Build.0 = Release|Any CPU
		{E74522BF-08CC-4815-930E-187A367B6967}.Debug|Any CPU.ActiveCfg = Debug|Any CPU
		{E74522BF-08CC-4815-930E-187A367B6967}.Debug|Any CPU.Build.0 = Debug|Any CPU
		{E74522BF-08CC-4815-930E-187A367B6967}.Release|Any CPU.ActiveCfg = Release|Any CPU
		{E74522BF-08CC-4815-930E-187A367B6967}.Release|Any CPU.Build.0 = Release|Any CPU
		{D0789D90-FE66-4CCC-9DC7-46059187D8C1}.Debug|Any CPU.ActiveCfg = Debug|Any CPU
		{D0789D90-FE66-4CCC-9DC7-46059187D8C1}.Debug|Any CPU.Build.0 = Debug|Any CPU
		{D0789D90-FE66-4CCC-9DC7-46059187D8C1}.Release|Any CPU.ActiveCfg = Release|Any CPU
		{D0789D90-FE66-4CCC-9DC7-46059187D8C1}.Release|Any CPU.Build.0 = Release|Any CPU
		{091FEB68-8265-4B83-95AF-5B4EB943CC2E}.Debug|Any CPU.ActiveCfg = Debug|Any CPU
		{091FEB68-8265-4B83-95AF-5B4EB943CC2E}.Debug|Any CPU.Build.0 = Debug|Any CPU
		{091FEB68-8265-4B83-95AF-5B4EB943CC2E}.Release|Any CPU.ActiveCfg = Release|Any CPU
		{091FEB68-8265-4B83-95AF-5B4EB943CC2E}.Release|Any CPU.Build.0 = Release|Any CPU
		{68B16B6F-CA35-48D9-990B-E759730F4093}.Debug|Any CPU.ActiveCfg = Debug|Any CPU
		{68B16B6F-CA35-48D9-990B-E759730F4093}.Debug|Any CPU.Build.0 = Debug|Any CPU
		{68B16B6F-CA35-48D9-990B-E759730F4093}.Release|Any CPU.ActiveCfg = Release|Any CPU
		{68B16B6F-CA35-48D9-990B-E759730F4093}.Release|Any CPU.Build.0 = Release|Any CPU
		{D1C5B189-E878-49C4-8319-A150BA1421A8}.Debug|Any CPU.ActiveCfg = Debug|Any CPU
		{D1C5B189-E878-49C4-8319-A150BA1421A8}.Debug|Any CPU.Build.0 = Debug|Any CPU
		{D1C5B189-E878-49C4-8319-A150BA1421A8}.Release|Any CPU.ActiveCfg = Release|Any CPU
		{D1C5B189-E878-49C4-8319-A150BA1421A8}.Release|Any CPU.Build.0 = Release|Any CPU
	EndGlobalSection
	GlobalSection(SolutionProperties) = preSolution
		HideSolutionNode = FALSE
	EndGlobalSection
	GlobalSection(NestedProjects) = preSolution
		{6C2FD7F9-6001-41C9-A2E9-7F03503E4FBB} = {482852A8-734A-47F9-9B8D-FA4D9711341A}
		{8C915991-9247-4394-81A5-B12E63CF26DA} = {1543B739-84EC-420B-BF5D-14BF8EF20623}
		{1C471451-4F0A-4087-9FE1-020F27474678} = {FF293F2A-D91B-4717-8CDF-2C482D196468}
		{E74522BF-08CC-4815-930E-187A367B6967} = {482852A8-734A-47F9-9B8D-FA4D9711341A}
		{D0789D90-FE66-4CCC-9DC7-46059187D8C1} = {1543B739-84EC-420B-BF5D-14BF8EF20623}
		{091FEB68-8265-4B83-95AF-5B4EB943CC2E} = {482852A8-734A-47F9-9B8D-FA4D9711341A}
		{68B16B6F-CA35-48D9-990B-E759730F4093} = {482852A8-734A-47F9-9B8D-FA4D9711341A}
		{D1C5B189-E878-49C4-8319-A150BA1421A8} = {482852A8-734A-47F9-9B8D-FA4D9711341A}
	EndGlobalSection
	GlobalSection(ExtensibilityGlobals) = postSolution
		SolutionGuid = {293875B3-C52E-4416-80EB-E14BA549DAC0}
	EndGlobalSection
EndGlobal
